// !$*UTF8*$!
{
	archiveVersion = 1;
	classes = {
	};
	objectVersion = 46;
	objects = {

/* Begin PBXBuildFile section */
		85F0B03015B2AF83006D8DF9 /* UIKit.framework in Frameworks */ = {isa = PBXBuildFile; fileRef = 85F0B02F15B2AF83006D8DF9 /* UIKit.framework */; };
		85F0B03215B2AF83006D8DF9 /* Foundation.framework in Frameworks */ = {isa = PBXBuildFile; fileRef = 85F0B03115B2AF83006D8DF9 /* Foundation.framework */; };
		85F0B03415B2AF83006D8DF9 /* CoreGraphics.framework in Frameworks */ = {isa = PBXBuildFile; fileRef = 85F0B03315B2AF83006D8DF9 /* CoreGraphics.framework */; };
		85F0B03A15B2AF83006D8DF9 /* InfoPlist.strings in Resources */ = {isa = PBXBuildFile; fileRef = 85F0B03815B2AF83006D8DF9 /* InfoPlist.strings */; };
		85F0B03C15B2AF83006D8DF9 /* main.m in Sources */ = {isa = PBXBuildFile; fileRef = 85F0B03B15B2AF83006D8DF9 /* main.m */; };
		85F0B04015B2AF83006D8DF9 /* AppDelegate.m in Sources */ = {isa = PBXBuildFile; fileRef = 85F0B03F15B2AF83006D8DF9 /* AppDelegate.m */; };
/* End PBXBuildFile section */

/* Begin PBXFileReference section */
		85F0B02B15B2AF83006D8DF9 /* test001.app */ = {isa = PBXFileReference; explicitFileType = wrapper.application; includeInIndex = 0; path = test001.app; sourceTree = BUILT_PRODUCTS_DIR; };
		85F0B02F15B2AF83006D8DF9 /* UIKit.framework */ = {isa = PBXFileReference; lastKnownFileType = wrapper.framework; name = UIKit.framework; path = System/Library/Frameworks/UIKit.framework; sourceTree = SDKROOT; };
		85F0B03115B2AF83006D8DF9 /* Foundation.framework */ = {isa = PBXFileReference; lastKnownFileType = wrapper.framework; name = Foundation.framework; path = System/Library/Frameworks/Foundation.framework; sourceTree = SDKROOT; };
		85F0B03315B2AF83006D8DF9 /* CoreGraphics.framework */ = {isa = PBXFileReference; lastKnownFileType = wrapper.framework; name = CoreGraphics.framework; path = System/Library/Frameworks/CoreGraphics.framework; sourceTree = SDKROOT; };
		85F0B03715B2AF83006D8DF9 /* test001-Info.plist */ = {isa = PBXFileReference; path = "test001-Info.plist"; sourceTree = "<group>"; };
		85F0B03915B2AF83006D8DF9 /* en */ = {isa = PBXFileReference; lastKnownFileType = text.plist.strings; name = en; path = en.lproj/InfoPlist.strings; sourceTree = "<group>"; };
		85F0B03B15B2AF83006D8DF9 /* main.m */ = {isa = PBXFileReference; lastKnownFileType = sourcecode.c.objc; path = main.m; sourceTree = "<group>"; };
		85F0B03D15B2AF83006D8DF9 /* test001-Prefix.pch */ = {isa = PBXFileReference; path = "test001-Prefix.pch"; sourceTree = "<group>"; };
		85F0B03E15B2AF83006D8DF9 /* AppDelegate.h */ = {isa = PBXFileReference; path = AppDelegate.h; sourceTree = "<group>"; };
		85F0B03F15B2AF83006D8DF9 /* AppDelegate.m */ = {isa = PBXFileReference; lastKnownFileType = sourcecode.c.objc; path = AppDelegate.m; sourceTree = "<group>"; };
/* End PBXFileReference section */

/* Begin PBXFrameworksBuildPhase section */
		85F0B02815B2AF83006D8DF9 /* Frameworks */ = {
			isa = PBXFrameworksBuildPhase;
			buildActionMask = 2147483647;
			files = (
				85F0B03015B2AF83006D8DF9 /* UIKit.framework in Frameworks */,
				85F0B03215B2AF83006D8DF9 /* Foundation.framework in Frameworks */,
				85F0B03415B2AF83006D8DF9 /* CoreGraphics.framework in Frameworks */,
			);
			runOnlyForDeploymentPostprocessing = 0;
		};
/* End PBXFrameworksBuildPhase section */

/* Begin PBXGroup section */
		85F0B02015B2AF83006D8DF9 = {
			isa = PBXGroup;
			children = (
				85F0B03515B2AF83006D8DF9 /* test001 */,
				85F0B02E15B2AF83006D8DF9 /* Frameworks */,
				85F0B02C15B2AF83006D8DF9 /* Products */,
			);
			sourceTree = "<group>";
		};
		85F0B02C15B2AF83006D8DF9 /* Products */ = {
			isa = PBXGroup;
			children = (
				85F0B02B15B2AF83006D8DF9 /* test001.app */,
			);
			name = Products;
			sourceTree = "<group>";
		};
		85F0B02E15B2AF83006D8DF9 /* Frameworks */ = {
			isa = PBXGroup;
			children = (
				85F0B02F15B2AF83006D8DF9 /* UIKit.framework */,
				85F0B03115B2AF83006D8DF9 /* Foundation.framework */,
				85F0B03315B2AF83006D8DF9 /* CoreGraphics.framework */,
			);
			name = Frameworks;
			sourceTree = "<group>";
		};
		85F0B03515B2AF83006D8DF9 /* test001 */ = {
			isa = PBXGroup;
			children = (
				85F0B03E15B2AF83006D8DF9 /* AppDelegate.h */,
				85F0B03F15B2AF83006D8DF9 /* AppDelegate.m */,
				85F0B03615B2AF83006D8DF9 /* Supporting Files */,
			);
			path = test001;
			sourceTree = "<group>";
		};
		85F0B03615B2AF83006D8DF9 /* Supporting Files */ = {
			isa = PBXGroup;
			children = (
				85F0B03715B2AF83006D8DF9 /* test001-Info.plist */,
				85F0B03815B2AF83006D8DF9 /* InfoPlist.strings */,
				85F0B03B15B2AF83006D8DF9 /* main.m */,
				85F0B03D15B2AF83006D8DF9 /* test001-Prefix.pch */,
			);
			name = "Supporting Files";
			sourceTree = "<group>";
		};
/* End PBXGroup section */

/* Begin PBXNativeTarget section */
		85F0B02A15B2AF83006D8DF9 /* test001 */ = {
			isa = PBXNativeTarget;
			buildConfigurationList = 85F0B04315B2AF83006D8DF9 /* Build configuration list for PBXNativeTarget "test001" */;
			buildPhases = (
				85F0B02715B2AF83006D8DF9 /* Sources */,
				85F0B02815B2AF83006D8DF9 /* Frameworks */,
				85F0B02915B2AF83006D8DF9 /* Resources */,
			);
			buildRules = (
			);
			dependencies = (
			);
			name = test001;
			productName = test001;
			productReference = 85F0B02B15B2AF83006D8DF9 /* test001.app */;
			productType = "com.apple.product-type.application";
		};
/* End PBXNativeTarget section */

/* Begin PBXProject section */
		85F0B02215B2AF83006D8DF9 /* Project object */ = {
			isa = PBXProject;
			attributes = {
				LastUpgradeCheck = 0430;
			};
			buildConfigurationList = 85F0B02515B2AF83006D8DF9 /* Build configuration list for PBXProject "test001" */;
			compatibilityVersion = "Xcode 3.2";
			developmentRegion = English;
			hasScannedForEncodings = 0;
			knownRegions = (
				en,
			);
			mainGroup = 85F0B02015B2AF83006D8DF9;
			productRefGroup = 85F0B02C15B2AF83006D8DF9 /* Products */;
			projectDirPath = "";
			projectRoot = "";
			targets = (
				85F0B02A15B2AF83006D8DF9 /* test001 */,
			);
		};
/* End PBXProject section */

/* Begin PBXResourcesBuildPhase section */
		85F0B02915B2AF83006D8DF9 /* Resources */ = {
			isa = PBXResourcesBuildPhase;
			buildActionMask = 2147483647;
			files = (
				85F0B03A15B2AF83006D8DF9 /* InfoPlist.strings in Resources */,
			);
			runOnlyForDeploymentPostprocessing = 0;
		};
/* End PBXResourcesBuildPhase section */

/* Begin PBXSourcesBuildPhase section */
		85F0B02715B2AF83006D8DF9 /* Sources */ = {
			isa = PBXSourcesBuildPhase;
			buildActionMask = 2147483647;
			files = (
				85F0B03C15B2AF83006D8DF9 /* main.m in Sources */,
				85F0B04015B2AF83006D8DF9 /* AppDelegate.m in Sources */,
			);
			runOnlyForDeploymentPostprocessing = 0;
		};
/* End PBXSourcesBuildPhase section */

/* Begin PBXVariantGroup section */
		85F0B03815B2AF83006D8DF9 /* InfoPlist.strings */ = {
			isa = PBXVariantGroup;
			children = (
				85F0B03915B2AF83006D8DF9 /* en */,
			);
			name = InfoPlist.strings;
			sourceTree = "<group>";
		};
/* End PBXVariantGroup section */

/* Begin XCBuildConfiguration section */
		85F0B04115B2AF83006D8DF9 /* Debug */ = {
			isa = XCBuildConfiguration;
			buildSettings = {
				ALWAYS_SEARCH_USER_PATHS = NO;
				ARCHS = "$(ARCHS_STANDARD_32_BIT)";
				CLANG_ENABLE_OBJC_ARC = YES;
				"CODE_SIGN_IDENTITY[sdk=iphoneos*]" = "iPhone Developer";
				COPY_PHASE_STRIP = NO;
				GCC_C_LANGUAGE_STANDARD = gnu99;
				GCC_DYNAMIC_NO_PIC = NO;
				GCC_OPTIMIZATION_LEVEL = 0;
				GCC_PREPROCESSOR_DEFINITIONS = (
					"DEBUG=1",
					"$(inherited)",
				);
				GCC_SYMBOLS_PRIVATE_EXTERN = NO;
				GCC_VERSION = com.apple.compilers.llvm.clang.1_0;
				GCC_WARN_ABOUT_RETURN_TYPE = YES;
				GCC_WARN_UNINITIALIZED_AUTOS = YES;
				GCC_WARN_UNUSED_VARIABLE = YES;
				IPHONEOS_DEPLOYMENT_TARGET = 5.1;
				SDKROOT = iphoneos;
				TARGETED_DEVICE_FAMILY = "1,2";
			};
			name = Debug;
		};
		85F0B04215B2AF83006D8DF9 /* Release */ = {
			isa = XCBuildConfiguration;
			buildSettings = {
				ALWAYS_SEARCH_USER_PATHS = NO;
				ARCHS = "$(ARCHS_STANDARD_32_BIT)";
				CLANG_ENABLE_OBJC_ARC = YES;
				"CODE_SIGN_IDENTITY[sdk=iphoneos*]" = "iPhone Developer";
				COPY_PHASE_STRIP = YES;
				GCC_C_LANGUAGE_STANDARD = gnu99;
				GCC_VERSION = com.apple.compilers.llvm.clang.1_0;
				GCC_WARN_ABOUT_RETURN_TYPE = YES;
				GCC_WARN_UNINITIALIZED_AUTOS = YES;
				GCC_WARN_UNUSED_VARIABLE = YES;
				IPHONEOS_DEPLOYMENT_TARGET = 5.1;
				OTHER_CFLAGS = "-DNS_BLOCK_ASSERTIONS=1";
				SDKROOT = iphoneos;
				TARGETED_DEVICE_FAMILY = "1,2";
				VALIDATE_PRODUCT = YES;
			};
			name = Release;
		};
		85F0B04415B2AF83006D8DF9 /* Debug */ = {
			isa = XCBuildConfiguration;
			buildSettings = {
				GCC_PRECOMPILE_PREFIX_HEADER = YES;
				GCC_PREFIX_HEADER = "test001/test001-Prefix.pch";
				INFOPLIST_FILE = "test001/test001-Info.plist";
				PRODUCT_NAME = "$(TARGET_NAME)";
				WRAPPER_EXTENSION = app;
			};
			name = Debug;
		};
		85F0B04515B2AF83006D8DF9 /* Release */ = {
			isa = XCBuildConfiguration;
			buildSettings = {
				GCC_PRECOMPILE_PREFIX_HEADER = YES;
				GCC_PREFIX_HEADER = "test001/test001-Prefix.pch";
				INFOPLIST_FILE = "test001/test001-Info.plist";
				PRODUCT_NAME = "$(TARGET_NAME)";
				WRAPPER_EXTENSION = app;
			};
			name = Release;
		};
/* End XCBuildConfiguration section */

/* Begin XCConfigurationList section */
		85F0B02515B2AF83006D8DF9 /* Build configuration list for PBXProject "test001" */ = {
			isa = XCConfigurationList;
			buildConfigurations = (
				85F0B04115B2AF83006D8DF9 /* Debug */,
				85F0B04215B2AF83006D8DF9 /* Release */,
			);
			defaultConfigurationIsVisible = 0;
			defaultConfigurationName = Release;
		};
		85F0B04315B2AF83006D8DF9 /* Build configuration list for PBXNativeTarget "test001" */ = {
			isa = XCConfigurationList;
			buildConfigurations = (
				85F0B04415B2AF83006D8DF9 /* Debug */,
				85F0B04515B2AF83006D8DF9 /* Release */,
			);
			defaultConfigurationIsVisible = 0;
		};
/* End XCConfigurationList section */
	};
	rootObject = 85F0B02215B2AF83006D8DF9 /* Project object */;
}
